# THIS IS AN AUTOGENERATED FILE. DO NOT EDIT THIS FILE DIRECTLY.
# yarn lockfile v1


"@cloudflare/workers-types@^4.20221111.1":
  version "4.20221111.1"
  resolved "https://registry.yarnpkg.com/@cloudflare/workers-types/-/workers-types-4.20221111.1.tgz#c3dbb5ef52cf5fab275803ece0424b205c78ad3e"
  integrity sha512-BNV2wN8V6Zduvo7UzxcdjBbLQ906D2KhS804PDufLgx/sanGJCHVJMOIaLvS/b61JKtot1U7P/l1fjrjZ7/E3A==
